
Microsoft Visual Studio Solution File, Format Version 12.00
# Visual Studio Version 16
VisualStudioVersion = 16.0.30711.63
MinimumVisualStudioVersion = 10.0.40219.1
Project("{FAE04EC0-301F-11D3-BF4B-00C04F79EFBC}") = "Med-Man-Mobile.Android", "Med-Man-Mobile\Med-Man-Mobile.Android\Med-Man-Mobile.Android.csproj", "{97AAD4D4-D1DC-4C04-89FB-B24E19DBE21E}"
EndProject
Project("{FAE04EC0-301F-11D3-BF4B-00C04F79EFBC}") = "Med-Man-Mobile.iOS", "Med-Man-Mobile\Med-Man-Mobile.iOS\Med-Man-Mobile.iOS.csproj", "{2CA1B894-B89E-403A-A730-90729512E0A2}"
EndProject
Project("{FAE04EC0-301F-11D3-BF4B-00C04F79EFBC}") = "Med-Man-Mobile", "Med-Man-Mobile\Med-Man-Mobile\Med-Man-Mobile.csproj", "{43D16C3B-C70D-4657-8160-938F1543AE54}"
EndProject
Global
	GlobalSection(SolutionConfigurationPlatforms) = preSolution
		Debug|Any CPU = Debug|Any CPU
		Debug|iPhone = Debug|iPhone
		Debug|iPhoneSimulator = Debug|iPhoneSimulator
		Release|Any CPU = Release|Any CPU
		Release|iPhone = Release|iPhone
		Release|iPhoneSimulator = Release|iPhoneSimulator
	EndGlobalSection
	GlobalSection(ProjectConfigurationPlatforms) = postSolution
		{97AAD4D4-D1DC-4C04-89FB-B24E19DBE21E}.Debug|Any CPU.ActiveCfg = Debug|Any CPU
		{97AAD4D4-D1DC-4C04-89FB-B24E19DBE21E}.Debug|Any CPU.Build.0 = Debug|Any CPU
		{97AAD4D4-D1DC-4C04-89FB-B24E19DBE21E}.Debug|Any CPU.Deploy.0 = Debug|Any CPU
		{97AAD4D4-D1DC-4C04-89FB-B24E19DBE21E}.Debug|iPhone.ActiveCfg = Debug|Any CPU
		{97AAD4D4-D1DC-4C04-89FB-B24E19DBE21E}.Debug|iPhone.Build.0 = Debug|Any CPU
		{97AAD4D4-D1DC-4C04-89FB-B24E19DBE21E}.Debug|iPhone.Deploy.0 = Debug|Any CPU
		{97AAD4D4-D1DC-4C04-89FB-B24E19DBE21E}.Debug|iPhoneSimulator.ActiveCfg = Debug|Any CPU
		{97AAD4D4-D1DC-4C04-89FB-B24E19DBE21E}.Debug|iPhoneSimulator.Build.0 = Debug|Any CPU
		{97AAD4D4-D1DC-4C04-89FB-B24E19DBE21E}.Debug|iPhoneSimulator.Deploy.0 = Debug|Any CPU
		{97AAD4D4-D1DC-4C04-89FB-B24E19DBE21E}.Release|Any CPU.ActiveCfg = Release|Any CPU
		{97AAD4D4-D1DC-4C04-89FB-B24E19DBE21E}.Release|Any CPU.Build.0 = Release|Any CPU
		{97AAD4D4-D1DC-4C04-89FB-B24E19DBE21E}.Release|Any CPU.Deploy.0 = Release|Any CPU
		{97AAD4D4-D1DC-4C04-89FB-B24E19DBE21E}.Release|iPhone.ActiveCfg = Release|Any CPU
		{97AAD4D4-D1DC-4C04-89FB-B24E19DBE21E}.Release|iPhone.Build.0 = Release|Any CPU
		{97AAD4D4-D1DC-4C04-89FB-B24E19DBE21E}.Release|iPhone.Deploy.0 = Release|Any CPU
		{97AAD4D4-D1DC-4C04-89FB-B24E19DBE21E}.Release|iPhoneSimulator.ActiveCfg = Release|Any CPU
		{97AAD4D4-D1DC-4C04-89FB-B24E19DBE21E}.Release|iPhoneSimulator.Build.0 = Release|Any CPU
		{97AAD4D4-D1DC-4C04-89FB-B24E19DBE21E}.Release|iPhoneSimulator.Deploy.0 = Release|Any CPU
		{2CA1B894-B89E-403A-A730-90729512E0A2}.Debug|Any CPU.ActiveCfg = Debug|iPhone
		{2CA1B894-B89E-403A-A730-90729512E0A2}.Debug|Any CPU.Build.0 = Debug|iPhone
		{2CA1B894-B89E-403A-A730-90729512E0A2}.Debug|Any CPU.Deploy.0 = Debug|iPhone
		{2CA1B894-B89E-403A-A730-90729512E0A2}.Debug|iPhone.ActiveCfg = Debug|iPhone
		{2CA1B894-B89E-403A-A730-90729512E0A2}.Debug|iPhone.Build.0 = Debug|iPhone
		{2CA1B894-B89E-403A-A730-90729512E0A2}.Debug|iPhone.Deploy.0 = Debug|iPhone
		{2CA1B894-B89E-403A-A730-90729512E0A2}.Debug|iPhoneSimulator.ActiveCfg = Debug|iPhoneSimulator
		{2CA1B894-B89E-403A-A730-90729512E0A2}.Debug|iPhoneSimulator.Build.0 = Debug|iPhoneSimulator
		{2CA1B894-B89E-403A-A730-90729512E0A2}.Debug|iPhoneSimulator.Deploy.0 = Debug|iPhoneSimulator
		{2CA1B894-B89E-403A-A730-90729512E0A2}.Release|Any CPU.ActiveCfg = Release|iPhoneSimulator
		{2CA1B894-B89E-403A-A730-90729512E0A2}.Release|Any CPU.Build.0 = Release|iPhoneSimulator
		{2CA1B894-B89E-403A-A730-90729512E0A2}.Release|Any CPU.Deploy.0 = Release|iPhoneSimulator
		{2CA1B894-B89E-403A-A730-90729512E0A2}.Release|iPhone.ActiveCfg = Release|iPhone
		{2CA1B894-B89E-403A-A730-90729512E0A2}.Release|iPhone.Build.0 = Release|iPhone
		{2CA1B894-B89E-403A-A730-90729512E0A2}.Release|iPhone.Deploy.0 = Release|iPhone
		{2CA1B894-B89E-403A-A730-90729512E0A2}.Release|iPhoneSimulator.ActiveCfg = Release|iPhoneSimulator
		{2CA1B894-B89E-403A-A730-90729512E0A2}.Release|iPhoneSimulator.Build.0 = Release|iPhoneSimulator
		{2CA1B894-B89E-403A-A730-90729512E0A2}.Release|iPhoneSimulator.Deploy.0 = Release|iPhoneSimulator
		{43D16C3B-C70D-4657-8160-938F1543AE54}.Debug|Any CPU.ActiveCfg = Debug|Any CPU
		{43D16C3B-C70D-4657-8160-938F1543AE54}.Debug|Any CPU.Build.0 = Debug|Any CPU
		{43D16C3B-C70D-4657-8160-938F1543AE54}.Debug|Any CPU.Deploy.0 = Debug|Any CPU
		{43D16C3B-C70D-4657-8160-938F1543AE54}.Debug|iPhone.ActiveCfg = Debug|Any CPU
		{43D16C3B-C70D-4657-8160-938F1543AE54}.Debug|iPhone.Build.0 = Debug|Any CPU
		{43D16C3B-C70D-4657-8160-938F1543AE54}.Debug|iPhone.Deploy.0 = Debug|Any CPU
		{43D16C3B-C70D-4657-8160-938F1543AE54}.Debug|iPhoneSimulator.ActiveCfg = Debug|Any CPU
		{43D16C3B-C70D-4657-8160-938F1543AE54}.Debug|iPhoneSimulator.Build.0 = Debug|Any CPU
		{43D16C3B-C70D-4657-8160-938F1543AE54}.Debug|iPhoneSimulator.Deploy.0 = Debug|Any CPU
		{43D16C3B-C70D-4657-8160-938F1543AE54}.Release|Any CPU.ActiveCfg = Release|Any CPU
		{43D16C3B-C70D-4657-8160-938F1543AE54}.Release|Any CPU.Build.0 = Release|Any CPU
		{43D16C3B-C70D-4657-8160-938F1543AE54}.Release|Any CPU.Deploy.0 = Release|Any CPU
		{43D16C3B-C70D-4657-8160-938F1543AE54}.Release|iPhone.ActiveCfg = Release|Any CPU
		{43D16C3B-C70D-4657-8160-938F1543AE54}.Release|iPhone.Build.0 = Release|Any CPU
		{43D16C3B-C70D-4657-8160-938F1543AE54}.Release|iPhone.Deploy.0 = Release|Any CPU
		{43D16C3B-C70D-4657-8160-938F1543AE54}.Release|iPhoneSimulator.ActiveCfg = Release|Any CPU
		{43D16C3B-C70D-4657-8160-938F1543AE54}.Release|iPhoneSimulator.Build.0 = Release|Any CPU
		{43D16C3B-C70D-4657-8160-938F1543AE54}.Release|iPhoneSimulator.Deploy.0 = Release|Any CPU
	EndGlobalSection
	GlobalSection(SolutionProperties) = preSolution
		HideSolutionNode = FALSE
	EndGlobalSection
	GlobalSection(ExtensibilityGlobals) = postSolution
		SolutionGuid = {77BE0593-5650-44BB-A8F5-B02E5C4F2B6E}
	EndGlobalSection
EndGlobal
