
Microsoft Visual Studio Solution File, Format Version 12.00
# Visual Studio Version 16
VisualStudioVersion = 16.0.30711.63
MinimumVisualStudioVersion = 10.0.40219.1
Project("{FAE04EC0-301F-11D3-BF4B-00C04F79EFBC}") = "MedManMobile.Android", "Med-Man-Mobile\Med-Man-Mobile.Android\MedManMobile.Android.csproj", "{97AAD4D4-D1DC-4C04-89FB-B24E19DBE21E}"
EndProject
Project("{FAE04EC0-301F-11D3-BF4B-00C04F79EFBC}") = "MedManMobile.iOS", "Med-Man-Mobile\Med-Man-Mobile.iOS\MedManMobile.iOS.csproj", "{2CA1B894-B89E-403A-A730-90729512E0A2}"
EndProject
Project("{9A19103F-16F7-4668-BE54-9A1E7A4F7556}") = "MedManMobile", "Med-Man-Mobile\Med-Man-Mobile\MedManMobile.csproj", "{43D16C3B-C70D-4657-8160-938F1543AE54}"
EndProject
Project("{9A19103F-16F7-4668-BE54-9A1E7A4F7556}") = "MedMan.Application", "Med-Man.Application\MedMan.Application.csproj", "{F11B5845-8373-4521-8A6F-6DD36B476AA3}"
EndProject
Project("{9A19103F-16F7-4668-BE54-9A1E7A4F7556}") = "MedMan.Domain", "Med-Man.Domain\MedMan.Domain.csproj", "{4B7C86B1-9730-45E3-B1D9-222B898E9C63}"
EndProject
Project("{9A19103F-16F7-4668-BE54-9A1E7A4F7556}") = "MedMan.Infrastructure", "Med-Man.Infrastructure\MedMan.Infrastructure.csproj", "{AA8FDC56-F67B-46E9-A251-4A4B1DDFCDC0}"
EndProject
Project("{9A19103F-16F7-4668-BE54-9A1E7A4F7556}") = "MedMan.API", "Server\MedMan.API.csproj", "{EF302DB7-E386-4E08-90A8-53B64E8C9808}"
EndProject
Project("{9A19103F-16F7-4668-BE54-9A1E7A4F7556}") = "Azure Function - Roles", "Azure Function\Azure Function - Roles.csproj", "{CBDF7EFA-86AA-441F-9D62-D0EA55FA98D8}"
EndProject
Project("{9A19103F-16F7-4668-BE54-9A1E7A4F7556}") = "MedMan.Integration", "MedMan.Integration\MedMan.Integration.csproj", "{991F35D4-B275-49E6-8137-8FF3872AC224}"
EndProject
Project("{9A19103F-16F7-4668-BE54-9A1E7A4F7556}") = "MedMan.Application.UnitTests", "MedMan.Application.UnitTests\MedMan.Application.UnitTests.csproj", "{D6901D56-87F1-4FD6-9A0E-25261B30EEA0}"
EndProject
Project("{2150E333-8FDC-42A3-9474-1A3956D46DE8}") = "Tests", "Tests", "{3397F282-4838-4EBC-BA36-16BE9455BAF4}"
EndProject
Project("{2150E333-8FDC-42A3-9474-1A3956D46DE8}") = "Core", "Core", "{43F1038B-2AF5-4F3A-8FBC-00625531CD12}"
EndProject
Project("{2150E333-8FDC-42A3-9474-1A3956D46DE8}") = "UI", "UI", "{A5775105-4E79-4864-B05E-242329984E0D}"
EndProject
Project("{2150E333-8FDC-42A3-9474-1A3956D46DE8}") = "Integration", "Integration", "{B464629C-B35F-4482-9779-17BD1E350B0D}"
EndProject
Project("{2150E333-8FDC-42A3-9474-1A3956D46DE8}") = "Infrastructure", "Infrastructure", "{529E01E0-7E8D-4132-A38B-B386CD113C86}"
EndProject
Global
	GlobalSection(SolutionConfigurationPlatforms) = preSolution
		Debug|Any CPU = Debug|Any CPU
		Debug|iPhone = Debug|iPhone
		Debug|iPhoneSimulator = Debug|iPhoneSimulator
		Release|Any CPU = Release|Any CPU
		Release|iPhone = Release|iPhone
		Release|iPhoneSimulator = Release|iPhoneSimulator
	EndGlobalSection
	GlobalSection(ProjectConfigurationPlatforms) = postSolution
		{97AAD4D4-D1DC-4C04-89FB-B24E19DBE21E}.Debug|Any CPU.ActiveCfg = Debug|Any CPU
		{97AAD4D4-D1DC-4C04-89FB-B24E19DBE21E}.Debug|Any CPU.Build.0 = Debug|Any CPU
		{97AAD4D4-D1DC-4C04-89FB-B24E19DBE21E}.Debug|Any CPU.Deploy.0 = Debug|Any CPU
		{97AAD4D4-D1DC-4C04-89FB-B24E19DBE21E}.Debug|iPhone.ActiveCfg = Debug|Any CPU
		{97AAD4D4-D1DC-4C04-89FB-B24E19DBE21E}.Debug|iPhone.Build.0 = Debug|Any CPU
		{97AAD4D4-D1DC-4C04-89FB-B24E19DBE21E}.Debug|iPhone.Deploy.0 = Debug|Any CPU
		{97AAD4D4-D1DC-4C04-89FB-B24E19DBE21E}.Debug|iPhoneSimulator.ActiveCfg = Debug|Any CPU
		{97AAD4D4-D1DC-4C04-89FB-B24E19DBE21E}.Debug|iPhoneSimulator.Build.0 = Debug|Any CPU
		{97AAD4D4-D1DC-4C04-89FB-B24E19DBE21E}.Debug|iPhoneSimulator.Deploy.0 = Debug|Any CPU
		{97AAD4D4-D1DC-4C04-89FB-B24E19DBE21E}.Release|Any CPU.ActiveCfg = Release|Any CPU
		{97AAD4D4-D1DC-4C04-89FB-B24E19DBE21E}.Release|Any CPU.Build.0 = Release|Any CPU
		{97AAD4D4-D1DC-4C04-89FB-B24E19DBE21E}.Release|Any CPU.Deploy.0 = Release|Any CPU
		{97AAD4D4-D1DC-4C04-89FB-B24E19DBE21E}.Release|iPhone.ActiveCfg = Release|Any CPU
		{97AAD4D4-D1DC-4C04-89FB-B24E19DBE21E}.Release|iPhone.Build.0 = Release|Any CPU
		{97AAD4D4-D1DC-4C04-89FB-B24E19DBE21E}.Release|iPhone.Deploy.0 = Release|Any CPU
		{97AAD4D4-D1DC-4C04-89FB-B24E19DBE21E}.Release|iPhoneSimulator.ActiveCfg = Release|Any CPU
		{97AAD4D4-D1DC-4C04-89FB-B24E19DBE21E}.Release|iPhoneSimulator.Build.0 = Release|Any CPU
		{97AAD4D4-D1DC-4C04-89FB-B24E19DBE21E}.Release|iPhoneSimulator.Deploy.0 = Release|Any CPU
		{2CA1B894-B89E-403A-A730-90729512E0A2}.Debug|Any CPU.ActiveCfg = Debug|iPhone
		{2CA1B894-B89E-403A-A730-90729512E0A2}.Debug|Any CPU.Build.0 = Debug|iPhone
		{2CA1B894-B89E-403A-A730-90729512E0A2}.Debug|Any CPU.Deploy.0 = Debug|iPhone
		{2CA1B894-B89E-403A-A730-90729512E0A2}.Debug|iPhone.ActiveCfg = Debug|iPhone
		{2CA1B894-B89E-403A-A730-90729512E0A2}.Debug|iPhone.Build.0 = Debug|iPhone
		{2CA1B894-B89E-403A-A730-90729512E0A2}.Debug|iPhone.Deploy.0 = Debug|iPhone
		{2CA1B894-B89E-403A-A730-90729512E0A2}.Debug|iPhoneSimulator.ActiveCfg = Debug|iPhoneSimulator
		{2CA1B894-B89E-403A-A730-90729512E0A2}.Debug|iPhoneSimulator.Build.0 = Debug|iPhoneSimulator
		{2CA1B894-B89E-403A-A730-90729512E0A2}.Debug|iPhoneSimulator.Deploy.0 = Debug|iPhoneSimulator
		{2CA1B894-B89E-403A-A730-90729512E0A2}.Release|Any CPU.ActiveCfg = Release|iPhoneSimulator
		{2CA1B894-B89E-403A-A730-90729512E0A2}.Release|Any CPU.Build.0 = Release|iPhoneSimulator
		{2CA1B894-B89E-403A-A730-90729512E0A2}.Release|Any CPU.Deploy.0 = Release|iPhoneSimulator
		{2CA1B894-B89E-403A-A730-90729512E0A2}.Release|iPhone.ActiveCfg = Release|iPhone
		{2CA1B894-B89E-403A-A730-90729512E0A2}.Release|iPhone.Build.0 = Release|iPhone
		{2CA1B894-B89E-403A-A730-90729512E0A2}.Release|iPhone.Deploy.0 = Release|iPhone
		{2CA1B894-B89E-403A-A730-90729512E0A2}.Release|iPhoneSimulator.ActiveCfg = Release|iPhoneSimulator
		{2CA1B894-B89E-403A-A730-90729512E0A2}.Release|iPhoneSimulator.Build.0 = Release|iPhoneSimulator
		{2CA1B894-B89E-403A-A730-90729512E0A2}.Release|iPhoneSimulator.Deploy.0 = Release|iPhoneSimulator
		{43D16C3B-C70D-4657-8160-938F1543AE54}.Debug|Any CPU.ActiveCfg = Debug|Any CPU
		{43D16C3B-C70D-4657-8160-938F1543AE54}.Debug|Any CPU.Build.0 = Debug|Any CPU
		{43D16C3B-C70D-4657-8160-938F1543AE54}.Debug|Any CPU.Deploy.0 = Debug|Any CPU
		{43D16C3B-C70D-4657-8160-938F1543AE54}.Debug|iPhone.ActiveCfg = Debug|Any CPU
		{43D16C3B-C70D-4657-8160-938F1543AE54}.Debug|iPhone.Build.0 = Debug|Any CPU
		{43D16C3B-C70D-4657-8160-938F1543AE54}.Debug|iPhone.Deploy.0 = Debug|Any CPU
		{43D16C3B-C70D-4657-8160-938F1543AE54}.Debug|iPhoneSimulator.ActiveCfg = Debug|Any CPU
		{43D16C3B-C70D-4657-8160-938F1543AE54}.Debug|iPhoneSimulator.Build.0 = Debug|Any CPU
		{43D16C3B-C70D-4657-8160-938F1543AE54}.Debug|iPhoneSimulator.Deploy.0 = Debug|Any CPU
		{43D16C3B-C70D-4657-8160-938F1543AE54}.Release|Any CPU.ActiveCfg = Release|Any CPU
		{43D16C3B-C70D-4657-8160-938F1543AE54}.Release|Any CPU.Build.0 = Release|Any CPU
		{43D16C3B-C70D-4657-8160-938F1543AE54}.Release|Any CPU.Deploy.0 = Release|Any CPU
		{43D16C3B-C70D-4657-8160-938F1543AE54}.Release|iPhone.ActiveCfg = Release|Any CPU
		{43D16C3B-C70D-4657-8160-938F1543AE54}.Release|iPhone.Build.0 = Release|Any CPU
		{43D16C3B-C70D-4657-8160-938F1543AE54}.Release|iPhone.Deploy.0 = Release|Any CPU
		{43D16C3B-C70D-4657-8160-938F1543AE54}.Release|iPhoneSimulator.ActiveCfg = Release|Any CPU
		{43D16C3B-C70D-4657-8160-938F1543AE54}.Release|iPhoneSimulator.Build.0 = Release|Any CPU
		{43D16C3B-C70D-4657-8160-938F1543AE54}.Release|iPhoneSimulator.Deploy.0 = Release|Any CPU
		{F11B5845-8373-4521-8A6F-6DD36B476AA3}.Debug|Any CPU.ActiveCfg = Debug|Any CPU
		{F11B5845-8373-4521-8A6F-6DD36B476AA3}.Debug|Any CPU.Build.0 = Debug|Any CPU
		{F11B5845-8373-4521-8A6F-6DD36B476AA3}.Debug|iPhone.ActiveCfg = Debug|Any CPU
		{F11B5845-8373-4521-8A6F-6DD36B476AA3}.Debug|iPhone.Build.0 = Debug|Any CPU
		{F11B5845-8373-4521-8A6F-6DD36B476AA3}.Debug|iPhoneSimulator.ActiveCfg = Debug|Any CPU
		{F11B5845-8373-4521-8A6F-6DD36B476AA3}.Debug|iPhoneSimulator.Build.0 = Debug|Any CPU
		{F11B5845-8373-4521-8A6F-6DD36B476AA3}.Release|Any CPU.ActiveCfg = Release|Any CPU
		{F11B5845-8373-4521-8A6F-6DD36B476AA3}.Release|Any CPU.Build.0 = Release|Any CPU
		{F11B5845-8373-4521-8A6F-6DD36B476AA3}.Release|iPhone.ActiveCfg = Release|Any CPU
		{F11B5845-8373-4521-8A6F-6DD36B476AA3}.Release|iPhone.Build.0 = Release|Any CPU
		{F11B5845-8373-4521-8A6F-6DD36B476AA3}.Release|iPhoneSimulator.ActiveCfg = Release|Any CPU
		{F11B5845-8373-4521-8A6F-6DD36B476AA3}.Release|iPhoneSimulator.Build.0 = Release|Any CPU
		{4B7C86B1-9730-45E3-B1D9-222B898E9C63}.Debug|Any CPU.ActiveCfg = Debug|Any CPU
		{4B7C86B1-9730-45E3-B1D9-222B898E9C63}.Debug|Any CPU.Build.0 = Debug|Any CPU
		{4B7C86B1-9730-45E3-B1D9-222B898E9C63}.Debug|iPhone.ActiveCfg = Debug|Any CPU
		{4B7C86B1-9730-45E3-B1D9-222B898E9C63}.Debug|iPhone.Build.0 = Debug|Any CPU
		{4B7C86B1-9730-45E3-B1D9-222B898E9C63}.Debug|iPhoneSimulator.ActiveCfg = Debug|Any CPU
		{4B7C86B1-9730-45E3-B1D9-222B898E9C63}.Debug|iPhoneSimulator.Build.0 = Debug|Any CPU
		{4B7C86B1-9730-45E3-B1D9-222B898E9C63}.Release|Any CPU.ActiveCfg = Release|Any CPU
		{4B7C86B1-9730-45E3-B1D9-222B898E9C63}.Release|Any CPU.Build.0 = Release|Any CPU
		{4B7C86B1-9730-45E3-B1D9-222B898E9C63}.Release|iPhone.ActiveCfg = Release|Any CPU
		{4B7C86B1-9730-45E3-B1D9-222B898E9C63}.Release|iPhone.Build.0 = Release|Any CPU
		{4B7C86B1-9730-45E3-B1D9-222B898E9C63}.Release|iPhoneSimulator.ActiveCfg = Release|Any CPU
		{4B7C86B1-9730-45E3-B1D9-222B898E9C63}.Release|iPhoneSimulator.Build.0 = Release|Any CPU
		{AA8FDC56-F67B-46E9-A251-4A4B1DDFCDC0}.Debug|Any CPU.ActiveCfg = Debug|Any CPU
		{AA8FDC56-F67B-46E9-A251-4A4B1DDFCDC0}.Debug|Any CPU.Build.0 = Debug|Any CPU
		{AA8FDC56-F67B-46E9-A251-4A4B1DDFCDC0}.Debug|iPhone.ActiveCfg = Debug|Any CPU
		{AA8FDC56-F67B-46E9-A251-4A4B1DDFCDC0}.Debug|iPhone.Build.0 = Debug|Any CPU
		{AA8FDC56-F67B-46E9-A251-4A4B1DDFCDC0}.Debug|iPhoneSimulator.ActiveCfg = Debug|Any CPU
		{AA8FDC56-F67B-46E9-A251-4A4B1DDFCDC0}.Debug|iPhoneSimulator.Build.0 = Debug|Any CPU
		{AA8FDC56-F67B-46E9-A251-4A4B1DDFCDC0}.Release|Any CPU.ActiveCfg = Release|Any CPU
		{AA8FDC56-F67B-46E9-A251-4A4B1DDFCDC0}.Release|Any CPU.Build.0 = Release|Any CPU
		{AA8FDC56-F67B-46E9-A251-4A4B1DDFCDC0}.Release|iPhone.ActiveCfg = Release|Any CPU
		{AA8FDC56-F67B-46E9-A251-4A4B1DDFCDC0}.Release|iPhone.Build.0 = Release|Any CPU
		{AA8FDC56-F67B-46E9-A251-4A4B1DDFCDC0}.Release|iPhoneSimulator.ActiveCfg = Release|Any CPU
		{AA8FDC56-F67B-46E9-A251-4A4B1DDFCDC0}.Release|iPhoneSimulator.Build.0 = Release|Any CPU
		{EF302DB7-E386-4E08-90A8-53B64E8C9808}.Debug|Any CPU.ActiveCfg = Debug|Any CPU
		{EF302DB7-E386-4E08-90A8-53B64E8C9808}.Debug|Any CPU.Build.0 = Debug|Any CPU
		{EF302DB7-E386-4E08-90A8-53B64E8C9808}.Debug|iPhone.ActiveCfg = Debug|Any CPU
		{EF302DB7-E386-4E08-90A8-53B64E8C9808}.Debug|iPhone.Build.0 = Debug|Any CPU
		{EF302DB7-E386-4E08-90A8-53B64E8C9808}.Debug|iPhoneSimulator.ActiveCfg = Debug|Any CPU
		{EF302DB7-E386-4E08-90A8-53B64E8C9808}.Debug|iPhoneSimulator.Build.0 = Debug|Any CPU
		{EF302DB7-E386-4E08-90A8-53B64E8C9808}.Release|Any CPU.ActiveCfg = Release|Any CPU
		{EF302DB7-E386-4E08-90A8-53B64E8C9808}.Release|Any CPU.Build.0 = Release|Any CPU
		{EF302DB7-E386-4E08-90A8-53B64E8C9808}.Release|iPhone.ActiveCfg = Release|Any CPU
		{EF302DB7-E386-4E08-90A8-53B64E8C9808}.Release|iPhone.Build.0 = Release|Any CPU
		{EF302DB7-E386-4E08-90A8-53B64E8C9808}.Release|iPhoneSimulator.ActiveCfg = Release|Any CPU
		{EF302DB7-E386-4E08-90A8-53B64E8C9808}.Release|iPhoneSimulator.Build.0 = Release|Any CPU
		{CBDF7EFA-86AA-441F-9D62-D0EA55FA98D8}.Debug|Any CPU.ActiveCfg = Debug|Any CPU
		{CBDF7EFA-86AA-441F-9D62-D0EA55FA98D8}.Debug|Any CPU.Build.0 = Debug|Any CPU
		{CBDF7EFA-86AA-441F-9D62-D0EA55FA98D8}.Debug|iPhone.ActiveCfg = Debug|Any CPU
		{CBDF7EFA-86AA-441F-9D62-D0EA55FA98D8}.Debug|iPhone.Build.0 = Debug|Any CPU
		{CBDF7EFA-86AA-441F-9D62-D0EA55FA98D8}.Debug|iPhoneSimulator.ActiveCfg = Debug|Any CPU
		{CBDF7EFA-86AA-441F-9D62-D0EA55FA98D8}.Debug|iPhoneSimulator.Build.0 = Debug|Any CPU
		{CBDF7EFA-86AA-441F-9D62-D0EA55FA98D8}.Release|Any CPU.ActiveCfg = Release|Any CPU
		{CBDF7EFA-86AA-441F-9D62-D0EA55FA98D8}.Release|Any CPU.Build.0 = Release|Any CPU
		{CBDF7EFA-86AA-441F-9D62-D0EA55FA98D8}.Release|iPhone.ActiveCfg = Release|Any CPU
		{CBDF7EFA-86AA-441F-9D62-D0EA55FA98D8}.Release|iPhone.Build.0 = Release|Any CPU
		{CBDF7EFA-86AA-441F-9D62-D0EA55FA98D8}.Release|iPhoneSimulator.ActiveCfg = Release|Any CPU
		{CBDF7EFA-86AA-441F-9D62-D0EA55FA98D8}.Release|iPhoneSimulator.Build.0 = Release|Any CPU
		{991F35D4-B275-49E6-8137-8FF3872AC224}.Debug|Any CPU.ActiveCfg = Debug|Any CPU
		{991F35D4-B275-49E6-8137-8FF3872AC224}.Debug|Any CPU.Build.0 = Debug|Any CPU
		{991F35D4-B275-49E6-8137-8FF3872AC224}.Debug|iPhone.ActiveCfg = Debug|Any CPU
		{991F35D4-B275-49E6-8137-8FF3872AC224}.Debug|iPhone.Build.0 = Debug|Any CPU
		{991F35D4-B275-49E6-8137-8FF3872AC224}.Debug|iPhoneSimulator.ActiveCfg = Debug|Any CPU
		{991F35D4-B275-49E6-8137-8FF3872AC224}.Debug|iPhoneSimulator.Build.0 = Debug|Any CPU
		{991F35D4-B275-49E6-8137-8FF3872AC224}.Release|Any CPU.ActiveCfg = Release|Any CPU
		{991F35D4-B275-49E6-8137-8FF3872AC224}.Release|Any CPU.Build.0 = Release|Any CPU
		{991F35D4-B275-49E6-8137-8FF3872AC224}.Release|iPhone.ActiveCfg = Release|Any CPU
		{991F35D4-B275-49E6-8137-8FF3872AC224}.Release|iPhone.Build.0 = Release|Any CPU
		{991F35D4-B275-49E6-8137-8FF3872AC224}.Release|iPhoneSimulator.ActiveCfg = Release|Any CPU
		{991F35D4-B275-49E6-8137-8FF3872AC224}.Release|iPhoneSimulator.Build.0 = Release|Any CPU
		{D6901D56-87F1-4FD6-9A0E-25261B30EEA0}.Debug|Any CPU.ActiveCfg = Debug|Any CPU
		{D6901D56-87F1-4FD6-9A0E-25261B30EEA0}.Debug|Any CPU.Build.0 = Debug|Any CPU
		{D6901D56-87F1-4FD6-9A0E-25261B30EEA0}.Debug|iPhone.ActiveCfg = Debug|Any CPU
		{D6901D56-87F1-4FD6-9A0E-25261B30EEA0}.Debug|iPhone.Build.0 = Debug|Any CPU
		{D6901D56-87F1-4FD6-9A0E-25261B30EEA0}.Debug|iPhoneSimulator.ActiveCfg = Debug|Any CPU
		{D6901D56-87F1-4FD6-9A0E-25261B30EEA0}.Debug|iPhoneSimulator.Build.0 = Debug|Any CPU
		{D6901D56-87F1-4FD6-9A0E-25261B30EEA0}.Release|Any CPU.ActiveCfg = Release|Any CPU
		{D6901D56-87F1-4FD6-9A0E-25261B30EEA0}.Release|Any CPU.Build.0 = Release|Any CPU
		{D6901D56-87F1-4FD6-9A0E-25261B30EEA0}.Release|iPhone.ActiveCfg = Release|Any CPU
		{D6901D56-87F1-4FD6-9A0E-25261B30EEA0}.Release|iPhone.Build.0 = Release|Any CPU
		{D6901D56-87F1-4FD6-9A0E-25261B30EEA0}.Release|iPhoneSimulator.ActiveCfg = Release|Any CPU
		{D6901D56-87F1-4FD6-9A0E-25261B30EEA0}.Release|iPhoneSimulator.Build.0 = Release|Any CPU
	EndGlobalSection
	GlobalSection(SolutionProperties) = preSolution
		HideSolutionNode = FALSE
	EndGlobalSection
	GlobalSection(NestedProjects) = preSolution
		{97AAD4D4-D1DC-4C04-89FB-B24E19DBE21E} = {A5775105-4E79-4864-B05E-242329984E0D}
		{2CA1B894-B89E-403A-A730-90729512E0A2} = {A5775105-4E79-4864-B05E-242329984E0D}
		{43D16C3B-C70D-4657-8160-938F1543AE54} = {A5775105-4E79-4864-B05E-242329984E0D}
		{F11B5845-8373-4521-8A6F-6DD36B476AA3} = {43F1038B-2AF5-4F3A-8FBC-00625531CD12}
		{4B7C86B1-9730-45E3-B1D9-222B898E9C63} = {43F1038B-2AF5-4F3A-8FBC-00625531CD12}
		{AA8FDC56-F67B-46E9-A251-4A4B1DDFCDC0} = {529E01E0-7E8D-4132-A38B-B386CD113C86}
		{EF302DB7-E386-4E08-90A8-53B64E8C9808} = {B464629C-B35F-4482-9779-17BD1E350B0D}
		{CBDF7EFA-86AA-441F-9D62-D0EA55FA98D8} = {529E01E0-7E8D-4132-A38B-B386CD113C86}
		{991F35D4-B275-49E6-8137-8FF3872AC224} = {B464629C-B35F-4482-9779-17BD1E350B0D}
		{D6901D56-87F1-4FD6-9A0E-25261B30EEA0} = {3397F282-4838-4EBC-BA36-16BE9455BAF4}
	EndGlobalSection
	GlobalSection(ExtensibilityGlobals) = postSolution
		SolutionGuid = {77BE0593-5650-44BB-A8F5-B02E5C4F2B6E}
	EndGlobalSection
EndGlobal
